// !$*UTF8*$!
{
	archiveVersion = 1;
	classes = {
	};
	objectVersion = 56;
	objects = {

/* Begin PBXBuildFile section */
		52356E9928EED9B800110E9C /* Launch Screen.storyboard in Resources */ = {isa = PBXBuildFile; fileRef = 52356E9828EED9B800110E9C /* Launch Screen.storyboard */; };
		5258AE2A28EB227E00BC1BC2 /* TodoListApp.swift in Sources */ = {isa = PBXBuildFile; fileRef = 5258AE2928EB227E00BC1BC2 /* TodoListApp.swift */; };
		5258AE2C28EB227E00BC1BC2 /* MyListView.swift in Sources */ = {isa = PBXBuildFile; fileRef = 5258AE2B28EB227E00BC1BC2 /* MyListView.swift */; };
		5258AE2E28EB228000BC1BC2 /* Assets.xcassets in Resources */ = {isa = PBXBuildFile; fileRef = 5258AE2D28EB228000BC1BC2 /* Assets.xcassets */; };
		5258AE3128EB228000BC1BC2 /* Preview Assets.xcassets in Resources */ = {isa = PBXBuildFile; fileRef = 5258AE3028EB228000BC1BC2 /* Preview Assets.xcassets */; };
		5258AE3B28EB2C9D00BC1BC2 /* RowView.swift in Sources */ = {isa = PBXBuildFile; fileRef = 5258AE3A28EB2C9D00BC1BC2 /* RowView.swift */; };
		5258AE3E28EB2EF200BC1BC2 /* AddView.swift in Sources */ = {isa = PBXBuildFile; fileRef = 5258AE3D28EB2EF200BC1BC2 /* AddView.swift */; };
		5258AE4128EC0BA300BC1BC2 /* ItemModel.swift in Sources */ = {isa = PBXBuildFile; fileRef = 5258AE4028EC0BA300BC1BC2 /* ItemModel.swift */; };
		52EA05D528EC113A00160B35 /* ListViewModel.swift in Sources */ = {isa = PBXBuildFile; fileRef = 52EA05D428EC113A00160B35 /* ListViewModel.swift */; };
		52EA05D728ED813900160B35 /* NoItemView.swift in Sources */ = {isa = PBXBuildFile; fileRef = 52EA05D628ED813900160B35 /* NoItemView.swift */; };
/* End PBXBuildFile section */

/* Begin PBXFileReference section */
		52356E9828EED9B800110E9C /* Launch Screen.storyboard */ = {isa = PBXFileReference; lastKnownFileType = file.storyboard; path = "Launch Screen.storyboard"; sourceTree = "<group>"; };
		5258AE2628EB227E00BC1BC2 /* TodoList.app */ = {isa = PBXFileReference; explicitFileType = wrapper.application; includeInIndex = 0; path = TodoList.app; sourceTree = BUILT_PRODUCTS_DIR; };
		5258AE2928EB227E00BC1BC2 /* TodoListApp.swift */ = {isa = PBXFileReference; lastKnownFileType = sourcecode.swift; path = TodoListApp.swift; sourceTree = "<group>"; };
		5258AE2B28EB227E00BC1BC2 /* MyListView.swift */ = {isa = PBXFileReference; lastKnownFileType = sourcecode.swift; path = MyListView.swift; sourceTree = "<group>"; };
		5258AE2D28EB228000BC1BC2 /* Assets.xcassets */ = {isa = PBXFileReference; lastKnownFileType = folder.assetcatalog; path = Assets.xcassets; sourceTree = "<group>"; };
		5258AE3028EB228000BC1BC2 /* Preview Assets.xcassets */ = {isa = PBXFileReference; lastKnownFileType = folder.assetcatalog; path = "Preview Assets.xcassets"; sourceTree = "<group>"; };
		5258AE3A28EB2C9D00BC1BC2 /* RowView.swift */ = {isa = PBXFileReference; lastKnownFileType = sourcecode.swift; path = RowView.swift; sourceTree = "<group>"; };
		5258AE3D28EB2EF200BC1BC2 /* AddView.swift */ = {isa = PBXFileReference; lastKnownFileType = sourcecode.swift; path = AddView.swift; sourceTree = "<group>"; };
		5258AE4028EC0BA300BC1BC2 /* ItemModel.swift */ = {isa = PBXFileReference; lastKnownFileType = sourcecode.swift; path = ItemModel.swift; sourceTree = "<group>"; };
		52EA05D428EC113A00160B35 /* ListViewModel.swift */ = {isa = PBXFileReference; lastKnownFileType = sourcecode.swift; path = ListViewModel.swift; sourceTree = "<group>"; };
		52EA05D628ED813900160B35 /* NoItemView.swift */ = {isa = PBXFileReference; lastKnownFileType = sourcecode.swift; path = NoItemView.swift; sourceTree = "<group>"; };
/* End PBXFileReference section */

/* Begin PBXFrameworksBuildPhase section */
		5258AE2328EB227E00BC1BC2 /* Frameworks */ = {
			isa = PBXFrameworksBuildPhase;
			buildActionMask = 2147483647;
			files = (
			);
			runOnlyForDeploymentPostprocessing = 0;
		};
/* End PBXFrameworksBuildPhase section */

/* Begin PBXGroup section */
		5258AE1D28EB227E00BC1BC2 = {
			isa = PBXGroup;
			children = (
				5258AE2828EB227E00BC1BC2 /* TodoList */,
				5258AE2728EB227E00BC1BC2 /* Products */,
			);
			sourceTree = "<group>";
		};
		5258AE2728EB227E00BC1BC2 /* Products */ = {
			isa = PBXGroup;
			children = (
				5258AE2628EB227E00BC1BC2 /* TodoList.app */,
			);
			name = Products;
			sourceTree = "<group>";
		};
		5258AE2828EB227E00BC1BC2 /* TodoList */ = {
			isa = PBXGroup;
			children = (
				5258AE3828EB24AC00BC1BC2 /* App */,
				5258AE3F28EC0B7500BC1BC2 /* Models */,
				5258AE3728EB249F00BC1BC2 /* Views */,
				52EA05D328EC111C00160B35 /* ViewModel */,
				5258AE3928EB24BA00BC1BC2 /* assets */,
				5258AE2F28EB228000BC1BC2 /* Preview Content */,
			);
			path = TodoList;
			sourceTree = "<group>";
		};
		5258AE2F28EB228000BC1BC2 /* Preview Content */ = {
			isa = PBXGroup;
			children = (
				5258AE3028EB228000BC1BC2 /* Preview Assets.xcassets */,
			);
			path = "Preview Content";
			sourceTree = "<group>";
		};
		5258AE3728EB249F00BC1BC2 /* Views */ = {
			isa = PBXGroup;
			children = (
				5258AE2B28EB227E00BC1BC2 /* MyListView.swift */,
				5258AE3A28EB2C9D00BC1BC2 /* RowView.swift */,
				5258AE3D28EB2EF200BC1BC2 /* AddView.swift */,
				52EA05D628ED813900160B35 /* NoItemView.swift */,
				52356E9828EED9B800110E9C /* Launch Screen.storyboard */,
			);
			path = Views;
			sourceTree = "<group>";
		};
		5258AE3828EB24AC00BC1BC2 /* App */ = {
			isa = PBXGroup;
			children = (
				5258AE2928EB227E00BC1BC2 /* TodoListApp.swift */,
			);
			path = App;
			sourceTree = "<group>";
		};
		5258AE3928EB24BA00BC1BC2 /* assets */ = {
			isa = PBXGroup;
			children = (
				5258AE2D28EB228000BC1BC2 /* Assets.xcassets */,
			);
			path = assets;
			sourceTree = "<group>";
		};
		5258AE3F28EC0B7500BC1BC2 /* Models */ = {
			isa = PBXGroup;
			children = (
				5258AE4028EC0BA300BC1BC2 /* ItemModel.swift */,
			);
			path = Models;
			sourceTree = "<group>";
		};
		52EA05D328EC111C00160B35 /* ViewModel */ = {
			isa = PBXGroup;
			children = (
				52EA05D428EC113A00160B35 /* ListViewModel.swift */,
			);
			path = ViewModel;
			sourceTree = "<group>";
		};
/* End PBXGroup section */

/* Begin PBXNativeTarget section */
		5258AE2528EB227E00BC1BC2 /* TodoList */ = {
			isa = PBXNativeTarget;
			buildConfigurationList = 5258AE3428EB228000BC1BC2 /* Build configuration list for PBXNativeTarget "TodoList" */;
			buildPhases = (
				5258AE2228EB227E00BC1BC2 /* Sources */,
				5258AE2328EB227E00BC1BC2 /* Frameworks */,
				5258AE2428EB227E00BC1BC2 /* Resources */,
			);
			buildRules = (
			);
			dependencies = (
			);
			name = TodoList;
			productName = TodoList;
			productReference = 5258AE2628EB227E00BC1BC2 /* TodoList.app */;
			productType = "com.apple.product-type.application";
		};
/* End PBXNativeTarget section */

/* Begin PBXProject section */
		5258AE1E28EB227E00BC1BC2 /* Project object */ = {
			isa = PBXProject;
			attributes = {
				BuildIndependentTargetsInParallel = 1;
				LastSwiftUpdateCheck = 1400;
				LastUpgradeCheck = 1400;
				TargetAttributes = {
					5258AE2528EB227E00BC1BC2 = {
						CreatedOnToolsVersion = 14.0;
					};
				};
			};
			buildConfigurationList = 5258AE2128EB227E00BC1BC2 /* Build configuration list for PBXProject "TodoList" */;
			compatibilityVersion = "Xcode 14.0";
			developmentRegion = en;
			hasScannedForEncodings = 0;
			knownRegions = (
				en,
				Base,
			);
			mainGroup = 5258AE1D28EB227E00BC1BC2;
			productRefGroup = 5258AE2728EB227E00BC1BC2 /* Products */;
			projectDirPath = "";
			projectRoot = "";
			targets = (
				5258AE2528EB227E00BC1BC2 /* TodoList */,
			);
		};
/* End PBXProject section */

/* Begin PBXResourcesBuildPhase section */
		5258AE2428EB227E00BC1BC2 /* Resources */ = {
			isa = PBXResourcesBuildPhase;
			buildActionMask = 2147483647;
			files = (
				52356E9928EED9B800110E9C /* Launch Screen.storyboard in Resources */,
				5258AE3128EB228000BC1BC2 /* Preview Assets.xcassets in Resources */,
				5258AE2E28EB228000BC1BC2 /* Assets.xcassets in Resources */,
			);
			runOnlyForDeploymentPostprocessing = 0;
		};
/* End PBXResourcesBuildPhase section */

/* Begin PBXSourcesBuildPhase section */
		5258AE2228EB227E00BC1BC2 /* Sources */ = {
			isa = PBXSourcesBuildPhase;
			buildActionMask = 2147483647;
			files = (
				5258AE4128EC0BA300BC1BC2 /* ItemModel.swift in Sources */,
				52EA05D728ED813900160B35 /* NoItemView.swift in Sources */,
				52EA05D528EC113A00160B35 /* ListViewModel.swift in Sources */,
				5258AE3E28EB2EF200BC1BC2 /* AddView.swift in Sources */,
				5258AE2C28EB227E00BC1BC2 /* MyListView.swift in Sources */,
				5258AE3B28EB2C9D00BC1BC2 /* RowView.swift in Sources */,
				5258AE2A28EB227E00BC1BC2 /* TodoListApp.swift in Sources */,
			);
			runOnlyForDeploymentPostprocessing = 0;
		};
/* End PBXSourcesBuildPhase section */

/* Begin XCBuildConfiguration section */
		5258AE3228EB228000BC1BC2 /* Debug */ = {
			isa = XCBuildConfiguration;
			buildSettings = {
				ALWAYS_SEARCH_USER_PATHS = NO;
				CLANG_ANALYZER_NONNULL = YES;
				CLANG_ANALYZER_NUMBER_OBJECT_CONVERSION = YES_AGGRESSIVE;
				CLANG_CXX_LANGUAGE_STANDARD = "gnu++20";
				CLANG_ENABLE_MODULES = YES;
				CLANG_ENABLE_OBJC_ARC = YES;
				CLANG_ENABLE_OBJC_WEAK = YES;
				CLANG_WARN_BLOCK_CAPTURE_AUTORELEASING = YES;
				CLANG_WARN_BOOL_CONVERSION = YES;
				CLANG_WARN_COMMA = YES;
				CLANG_WARN_CONSTANT_CONVERSION = YES;
				CLANG_WARN_DEPRECATED_OBJC_IMPLEMENTATIONS = YES;
				CLANG_WARN_DIRECT_OBJC_ISA_USAGE = YES_ERROR;
				CLANG_WARN_DOCUMENTATION_COMMENTS = YES;
				CLANG_WARN_EMPTY_BODY = YES;
				CLANG_WARN_ENUM_CONVERSION = YES;
				CLANG_WARN_INFINITE_RECURSION = YES;
				CLANG_WARN_INT_CONVERSION = YES;
				CLANG_WARN_NON_LITERAL_NULL_CONVERSION = YES;
				CLANG_WARN_OBJC_IMPLICIT_RETAIN_SELF = YES;
				CLANG_WARN_OBJC_LITERAL_CONVERSION = YES;
				CLANG_WARN_OBJC_ROOT_CLASS = YES_ERROR;
				CLANG_WARN_QUOTED_INCLUDE_IN_FRAMEWORK_HEADER = YES;
				CLANG_WARN_RANGE_LOOP_ANALYSIS = YES;
				CLANG_WARN_STRICT_PROTOTYPES = YES;
				CLANG_WARN_SUSPICIOUS_MOVE = YES;
				CLANG_WARN_UNGUARDED_AVAILABILITY = YES_AGGRESSIVE;
				CLANG_WARN_UNREACHABLE_CODE = YES;
				CLANG_WARN__DUPLICATE_METHOD_MATCH = YES;
				COPY_PHASE_STRIP = NO;
				DEBUG_INFORMATION_FORMAT = dwarf;
				ENABLE_STRICT_OBJC_MSGSEND = YES;
				ENABLE_TESTABILITY = YES;
				GCC_C_LANGUAGE_STANDARD = gnu11;
				GCC_DYNAMIC_NO_PIC = NO;
				GCC_NO_COMMON_BLOCKS = YES;
				GCC_OPTIMIZATION_LEVEL = 0;
				GCC_PREPROCESSOR_DEFINITIONS = (
					"DEBUG=1",
					"$(inherited)",
				);
				GCC_WARN_64_TO_32_BIT_CONVERSION = YES;
				GCC_WARN_ABOUT_RETURN_TYPE = YES_ERROR;
				GCC_WARN_UNDECLARED_SELECTOR = YES;
				GCC_WARN_UNINITIALIZED_AUTOS = YES_AGGRESSIVE;
				GCC_WARN_UNUSED_FUNCTION = YES;
				GCC_WARN_UNUSED_VARIABLE = YES;
				IPHONEOS_DEPLOYMENT_TARGET = 16.0;
				MTL_ENABLE_DEBUG_INFO = INCLUDE_SOURCE;
				MTL_FAST_MATH = YES;
				ONLY_ACTIVE_ARCH = YES;
				SDKROOT = iphoneos;
				SWIFT_ACTIVE_COMPILATION_CONDITIONS = DEBUG;
				SWIFT_OPTIMIZATION_LEVEL = "-Onone";
			};
			name = Debug;
		};
		5258AE3328EB228000BC1BC2 /* Release */ = {
			isa = XCBuildConfiguration;
			buildSettings = {
				ALWAYS_SEARCH_USER_PATHS = NO;
				CLANG_ANALYZER_NONNULL = YES;
				CLANG_ANALYZER_NUMBER_OBJECT_CONVERSION = YES_AGGRESSIVE;
				CLANG_CXX_LANGUAGE_STANDARD = "gnu++20";
				CLANG_ENABLE_MODULES = YES;
				CLANG_ENABLE_OBJC_ARC = YES;
				CLANG_ENABLE_OBJC_WEAK = YES;
				CLANG_WARN_BLOCK_CAPTURE_AUTORELEASING = YES;
				CLANG_WARN_BOOL_CONVERSION = YES;
				CLANG_WARN_COMMA = YES;
				CLANG_WARN_CONSTANT_CONVERSION = YES;
				CLANG_WARN_DEPRECATED_OBJC_IMPLEMENTATIONS = YES;
				CLANG_WARN_DIRECT_OBJC_ISA_USAGE = YES_ERROR;
				CLANG_WARN_DOCUMENTATION_COMMENTS = YES;
				CLANG_WARN_EMPTY_BODY = YES;
				CLANG_WARN_ENUM_CONVERSION = YES;
				CLANG_WARN_INFINITE_RECURSION = YES;
				CLANG_WARN_INT_CONVERSION = YES;
				CLANG_WARN_NON_LITERAL_NULL_CONVERSION = YES;
				CLANG_WARN_OBJC_IMPLICIT_RETAIN_SELF = YES;
				CLANG_WARN_OBJC_LITERAL_CONVERSION = YES;
				CLANG_WARN_OBJC_ROOT_CLASS = YES_ERROR;
				CLANG_WARN_QUOTED_INCLUDE_IN_FRAMEWORK_HEADER = YES;
				CLANG_WARN_RANGE_LOOP_ANALYSIS = YES;
				CLANG_WARN_STRICT_PROTOTYPES = YES;
				CLANG_WARN_SUSPICIOUS_MOVE = YES;
				CLANG_WARN_UNGUARDED_AVAILABILITY = YES_AGGRESSIVE;
				CLANG_WARN_UNREACHABLE_CODE = YES;
				CLANG_WARN__DUPLICATE_METHOD_MATCH = YES;
				COPY_PHASE_STRIP = NO;
				DEBUG_INFORMATION_FORMAT = "dwarf-with-dsym";
				ENABLE_NS_ASSERTIONS = NO;
				ENABLE_STRICT_OBJC_MSGSEND = YES;
				GCC_C_LANGUAGE_STANDARD = gnu11;
				GCC_NO_COMMON_BLOCKS = YES;
				GCC_WARN_64_TO_32_BIT_CONVERSION = YES;
				GCC_WARN_ABOUT_RETURN_TYPE = YES_ERROR;
				GCC_WARN_UNDECLARED_SELECTOR = YES;
				GCC_WARN_UNINITIALIZED_AUTOS = YES_AGGRESSIVE;
				GCC_WARN_UNUSED_FUNCTION = YES;
				GCC_WARN_UNUSED_VARIABLE = YES;
				IPHONEOS_DEPLOYMENT_TARGET = 16.0;
				MTL_ENABLE_DEBUG_INFO = NO;
				MTL_FAST_MATH = YES;
				SDKROOT = iphoneos;
				SWIFT_COMPILATION_MODE = wholemodule;
				SWIFT_OPTIMIZATION_LEVEL = "-O";
				VALIDATE_PRODUCT = YES;
			};
			name = Release;
		};
		5258AE3528EB228000BC1BC2 /* Debug */ = {
			isa = XCBuildConfiguration;
			buildSettings = {
				ASSETCATALOG_COMPILER_APPICON_NAME = AppIcon;
				ASSETCATALOG_COMPILER_GLOBAL_ACCENT_COLOR_NAME = AccentColor;
				CODE_SIGN_STYLE = Automatic;
				CURRENT_PROJECT_VERSION = 1;
				DEVELOPMENT_ASSET_PATHS = "\"TodoList/Preview Content\"";
				DEVELOPMENT_TEAM = XF93Q72M79;
				ENABLE_PREVIEWS = YES;
				GENERATE_INFOPLIST_FILE = YES;
				INFOPLIST_FILE = TodoList/Info.plist;
				INFOPLIST_KEY_UIApplicationSceneManifest_Generation = YES;
				INFOPLIST_KEY_UIApplicationSupportsIndirectInputEvents = YES;
				INFOPLIST_KEY_UILaunchStoryboardName = "Launch Screen.storyboard";
				INFOPLIST_KEY_UISupportedInterfaceOrientations_iPad = "UIInterfaceOrientationPortrait UIInterfaceOrientationPortraitUpsideDown UIInterfaceOrientationLandscapeLeft UIInterfaceOrientationLandscapeRight";
				INFOPLIST_KEY_UISupportedInterfaceOrientations_iPhone = "UIInterfaceOrientationPortrait UIInterfaceOrientationLandscapeLeft UIInterfaceOrientationLandscapeRight";
				LD_RUNPATH_SEARCH_PATHS = (
					"$(inherited)",
					"@executable_path/Frameworks",
				);
				MARKETING_VERSION = 1.0;
				PRODUCT_BUNDLE_IDENTIFIER = com.omarmattr.TodoList;
				PRODUCT_NAME = "$(TARGET_NAME)";
				SWIFT_EMIT_LOC_STRINGS = YES;
				SWIFT_VERSION = 5.0;
				TARGETED_DEVICE_FAMILY = "1,2";
			};
			name = Debug;
		};
		5258AE3628EB228000BC1BC2 /* Release */ = {
			isa = XCBuildConfiguration;
			buildSettings = {
				ASSETCATALOG_COMPILER_APPICON_NAME = AppIcon;
				ASSETCATALOG_COMPILER_GLOBAL_ACCENT_COLOR_NAME = AccentColor;
				CODE_SIGN_STYLE = Automatic;
				CURRENT_PROJECT_VERSION = 1;
				DEVELOPMENT_ASSET_PATHS = "\"TodoList/Preview Content\"";
				DEVELOPMENT_TEAM = XF93Q72M79;
				ENABLE_PREVIEWS = YES;
				GENERATE_INFOPLIST_FILE = YES;
				INFOPLIST_FILE = TodoList/Info.plist;
				INFOPLIST_KEY_UIApplicationSceneManifest_Generation = YES;
				INFOPLIST_KEY_UIApplicationSupportsIndirectInputEvents = YES;
				INFOPLIST_KEY_UILaunchStoryboardName = "Launch Screen.storyboard";
				INFOPLIST_KEY_UISupportedInterfaceOrientations_iPad = "UIInterfaceOrientationPortrait UIInterfaceOrientationPortraitUpsideDown UIInterfaceOrientationLandscapeLeft UIInterfaceOrientationLandscapeRight";
				INFOPLIST_KEY_UISupportedInterfaceOrientations_iPhone = "UIInterfaceOrientationPortrait UIInterfaceOrientationLandscapeLeft UIInterfaceOrientationLandscapeRight";
				LD_RUNPATH_SEARCH_PATHS = (
					"$(inherited)",
					"@executable_path/Frameworks",
				);
				MARKETING_VERSION = 1.0;
				PRODUCT_BUNDLE_IDENTIFIER = com.omarmattr.TodoList;
				PRODUCT_NAME = "$(TARGET_NAME)";
				SWIFT_EMIT_LOC_STRINGS = YES;
				SWIFT_VERSION = 5.0;
				TARGETED_DEVICE_FAMILY = "1,2";
			};
			name = Release;
		};
/* End XCBuildConfiguration section */

/* Begin XCConfigurationList section */
		5258AE2128EB227E00BC1BC2 /* Build configuration list for PBXProject "TodoList" */ = {
			isa = XCConfigurationList;
			buildConfigurations = (
				5258AE3228EB228000BC1BC2 /* Debug */,
				5258AE3328EB228000BC1BC2 /* Release */,
			);
			defaultConfigurationIsVisible = 0;
			defaultConfigurationName = Release;
		};
		5258AE3428EB228000BC1BC2 /* Build configuration list for PBXNativeTarget "TodoList" */ = {
			isa = XCConfigurationList;
			buildConfigurations = (
				5258AE3528EB228000BC1BC2 /* Debug */,
				5258AE3628EB228000BC1BC2 /* Release */,
			);
			defaultConfigurationIsVisible = 0;
			defaultConfigurationName = Release;
		};
/* End XCConfigurationList section */
	};
	rootObject = 5258AE1E28EB227E00BC1BC2 /* Project object */;
}
